
Microsoft Visual Studio Solution File, Format Version 12.00
# Visual Studio Version 17
VisualStudioVersion = 17.5.33530.505
MinimumVisualStudioVersion = 10.0.40219.1
Project("{2150E333-8FDC-42A3-9474-1A3956D46DE8}") = "1.0 - Presentation", "1.0 - Presentation", "{F4F2FC3E-8AE3-4F32-83D5-DBD3487916E5}"
EndProject
Project("{2150E333-8FDC-42A3-9474-1A3956D46DE8}") = "2.0 - Application", "2.0 - Application", "{C810C689-87CE-4D3D-83F2-C4D9310B60C3}"
EndProject
Project("{2150E333-8FDC-42A3-9474-1A3956D46DE8}") = "3.0 - Domain", "3.0 - Domain", "{C516C704-F095-4792-B8CE-ACBAF235F7C1}"
EndProject
Project("{2150E333-8FDC-42A3-9474-1A3956D46DE8}") = "4.0 - Infrastructure", "4.0 - Infrastructure", "{9AD2AFA8-AAC6-4C6B-9E9A-59152FC9A500}"
EndProject
Project("{2150E333-8FDC-42A3-9474-1A3956D46DE8}") = "4.1 - Data", "4.1 - Data", "{84F02C45-C211-4038-972D-F9E3942498D3}"
EndProject
Project("{2150E333-8FDC-42A3-9474-1A3956D46DE8}") = "4.2 - CrossCutting", "4.2 - CrossCutting", "{2F2EE15C-53DD-40F6-8265-EE8746162A34}"
EndProject
Project("{9A19103F-16F7-4668-BE54-9A1E7A4F7556}") = "CashFlow.Presentation", "CashFlow.Presentation\CashFlow.Presentation.csproj", "{17AA508A-989B-4381-8FF9-3B6500741801}"
EndProject
Project("{9A19103F-16F7-4668-BE54-9A1E7A4F7556}") = "CashFlow.Application", "CashFlow.Application\CashFlow.Application.csproj", "{AF1706E6-75C2-49A5-9E3E-951A553DF149}"
EndProject
Project("{9A19103F-16F7-4668-BE54-9A1E7A4F7556}") = "CashFlow.Application.DTO", "CashFlow.Application.DTO\CashFlow.Application.DTO.csproj", "{8634173E-6F60-47AE-9AE2-63B67E93B616}"
EndProject
Project("{9A19103F-16F7-4668-BE54-9A1E7A4F7556}") = "CashFlow.Domain.Services", "CashFlow.Domain.Services\CashFlow.Domain.Services.csproj", "{08127317-19B9-4632-9029-357AE3926313}"
EndProject
Project("{9A19103F-16F7-4668-BE54-9A1E7A4F7556}") = "CashFlow.Domain.Core", "CashFlow.Domain.Core\CashFlow.Domain.Core.csproj", "{EA2CDBA0-ED64-42DE-A1A8-14A340797AB5}"
EndProject
Project("{9A19103F-16F7-4668-BE54-9A1E7A4F7556}") = "CashFlow.Domain", "CashFlow.Domain\CashFlow.Domain.csproj", "{819E935C-3C77-4330-89B8-C970B603DB38}"
EndProject
Project("{9A19103F-16F7-4668-BE54-9A1E7A4F7556}") = "CashFlow.Infrastructure.Data", "CashFlow.Infrastructure.Data\CashFlow.Infrastructure.Data.csproj", "{BCAA5C9C-CB18-4FE4-96C5-29FB578F0AB2}"
EndProject
Project("{9A19103F-16F7-4668-BE54-9A1E7A4F7556}") = "CashFlow.Infrastructure.Repository", "CashFlow.Infrastructure.Repository\CashFlow.Infrastructure.Repository.csproj", "{9B056B15-CE85-4792-8A1B-805B4463A0AF}"
EndProject
Project("{9A19103F-16F7-4668-BE54-9A1E7A4F7556}") = "CashFlow.Infrastructure.CrossCutting.Adapter", "CashFlow.Infrastructure.CrossCutting.Adapter\CashFlow.Infrastructure.CrossCutting.Adapter.csproj", "{A6AA897E-7482-4B47-ABC6-19DD10585338}"
EndProject
Project("{9A19103F-16F7-4668-BE54-9A1E7A4F7556}") = "CashFlow.Infrastructure.CrossCutting.IOC", "CashFlow.Infrastructure.CrossCutting.IOC\CashFlow.Infrastructure.CrossCutting.IOC.csproj", "{E13E6967-EFE8-4032-AAE3-7EE7726AAC67}"
EndProject
Project("{2150E333-8FDC-42A3-9474-1A3956D46DE8}") = "6.0 - Tests", "6.0 - Tests", "{9F770043-153A-4A06-BD84-EF13C8BD11B4}"
EndProject
Project("{2150E333-8FDC-42A3-9474-1A3956D46DE8}") = "5.0 - Jobs", "5.0 - Jobs", "{99BB2FFC-9DE1-446F-A509-BE864A30DBB7}"
EndProject
Project("{E53339B2-1760-4266-BCC7-CA923CBCF16C}") = "docker-compose", "docker-compose.dcproj", "{1EF42401-BAC4-4C54-B415-08847D2514B4}"
EndProject
Project("{9A19103F-16F7-4668-BE54-9A1E7A4F7556}") = "CashFlow.Jobs", "CashFlow.Jobs\CashFlow.Jobs.csproj", "{3F2312EC-94A2-43D3-A41E-58D7AE827FD3}"
EndProject
Project("{FAE04EC0-301F-11D3-BF4B-00C04F79EFBC}") = "CashFlow.Test", "CashFlow.Test\CashFlow.Test.csproj", "{22F6C151-230E-4495-873A-28E0B1BECAE4}"
EndProject
Global
	GlobalSection(SolutionConfigurationPlatforms) = preSolution
		Debug|Any CPU = Debug|Any CPU
		Release|Any CPU = Release|Any CPU
	EndGlobalSection
	GlobalSection(ProjectConfigurationPlatforms) = postSolution
		{17AA508A-989B-4381-8FF9-3B6500741801}.Debug|Any CPU.ActiveCfg = Debug|Any CPU
		{17AA508A-989B-4381-8FF9-3B6500741801}.Debug|Any CPU.Build.0 = Debug|Any CPU
		{17AA508A-989B-4381-8FF9-3B6500741801}.Release|Any CPU.ActiveCfg = Release|Any CPU
		{17AA508A-989B-4381-8FF9-3B6500741801}.Release|Any CPU.Build.0 = Release|Any CPU
		{AF1706E6-75C2-49A5-9E3E-951A553DF149}.Debug|Any CPU.ActiveCfg = Debug|Any CPU
		{AF1706E6-75C2-49A5-9E3E-951A553DF149}.Debug|Any CPU.Build.0 = Debug|Any CPU
		{AF1706E6-75C2-49A5-9E3E-951A553DF149}.Release|Any CPU.ActiveCfg = Release|Any CPU
		{AF1706E6-75C2-49A5-9E3E-951A553DF149}.Release|Any CPU.Build.0 = Release|Any CPU
		{8634173E-6F60-47AE-9AE2-63B67E93B616}.Debug|Any CPU.ActiveCfg = Debug|Any CPU
		{8634173E-6F60-47AE-9AE2-63B67E93B616}.Debug|Any CPU.Build.0 = Debug|Any CPU
		{8634173E-6F60-47AE-9AE2-63B67E93B616}.Release|Any CPU.ActiveCfg = Release|Any CPU
		{8634173E-6F60-47AE-9AE2-63B67E93B616}.Release|Any CPU.Build.0 = Release|Any CPU
		{08127317-19B9-4632-9029-357AE3926313}.Debug|Any CPU.ActiveCfg = Debug|Any CPU
		{08127317-19B9-4632-9029-357AE3926313}.Debug|Any CPU.Build.0 = Debug|Any CPU
		{08127317-19B9-4632-9029-357AE3926313}.Release|Any CPU.ActiveCfg = Release|Any CPU
		{08127317-19B9-4632-9029-357AE3926313}.Release|Any CPU.Build.0 = Release|Any CPU
		{EA2CDBA0-ED64-42DE-A1A8-14A340797AB5}.Debug|Any CPU.ActiveCfg = Debug|Any CPU
		{EA2CDBA0-ED64-42DE-A1A8-14A340797AB5}.Debug|Any CPU.Build.0 = Debug|Any CPU
		{EA2CDBA0-ED64-42DE-A1A8-14A340797AB5}.Release|Any CPU.ActiveCfg = Release|Any CPU
		{EA2CDBA0-ED64-42DE-A1A8-14A340797AB5}.Release|Any CPU.Build.0 = Release|Any CPU
		{819E935C-3C77-4330-89B8-C970B603DB38}.Debug|Any CPU.ActiveCfg = Debug|Any CPU
		{819E935C-3C77-4330-89B8-C970B603DB38}.Debug|Any CPU.Build.0 = Debug|Any CPU
		{819E935C-3C77-4330-89B8-C970B603DB38}.Release|Any CPU.ActiveCfg = Release|Any CPU
		{819E935C-3C77-4330-89B8-C970B603DB38}.Release|Any CPU.Build.0 = Release|Any CPU
		{BCAA5C9C-CB18-4FE4-96C5-29FB578F0AB2}.Debug|Any CPU.ActiveCfg = Debug|Any CPU
		{BCAA5C9C-CB18-4FE4-96C5-29FB578F0AB2}.Debug|Any CPU.Build.0 = Debug|Any CPU
		{BCAA5C9C-CB18-4FE4-96C5-29FB578F0AB2}.Release|Any CPU.ActiveCfg = Release|Any CPU
		{BCAA5C9C-CB18-4FE4-96C5-29FB578F0AB2}.Release|Any CPU.Build.0 = Release|Any CPU
		{9B056B15-CE85-4792-8A1B-805B4463A0AF}.Debug|Any CPU.ActiveCfg = Debug|Any CPU
		{9B056B15-CE85-4792-8A1B-805B4463A0AF}.Debug|Any CPU.Build.0 = Debug|Any CPU
		{9B056B15-CE85-4792-8A1B-805B4463A0AF}.Release|Any CPU.ActiveCfg = Release|Any CPU
		{9B056B15-CE85-4792-8A1B-805B4463A0AF}.Release|Any CPU.Build.0 = Release|Any CPU
		{A6AA897E-7482-4B47-ABC6-19DD10585338}.Debug|Any CPU.ActiveCfg = Debug|Any CPU
		{A6AA897E-7482-4B47-ABC6-19DD10585338}.Debug|Any CPU.Build.0 = Debug|Any CPU
		{A6AA897E-7482-4B47-ABC6-19DD10585338}.Release|Any CPU.ActiveCfg = Release|Any CPU
		{A6AA897E-7482-4B47-ABC6-19DD10585338}.Release|Any CPU.Build.0 = Release|Any CPU
		{E13E6967-EFE8-4032-AAE3-7EE7726AAC67}.Debug|Any CPU.ActiveCfg = Debug|Any CPU
		{E13E6967-EFE8-4032-AAE3-7EE7726AAC67}.Debug|Any CPU.Build.0 = Debug|Any CPU
		{E13E6967-EFE8-4032-AAE3-7EE7726AAC67}.Release|Any CPU.ActiveCfg = Release|Any CPU
		{E13E6967-EFE8-4032-AAE3-7EE7726AAC67}.Release|Any CPU.Build.0 = Release|Any CPU
		{1EF42401-BAC4-4C54-B415-08847D2514B4}.Debug|Any CPU.ActiveCfg = Debug|Any CPU
		{1EF42401-BAC4-4C54-B415-08847D2514B4}.Debug|Any CPU.Build.0 = Debug|Any CPU
		{1EF42401-BAC4-4C54-B415-08847D2514B4}.Release|Any CPU.ActiveCfg = Release|Any CPU
		{1EF42401-BAC4-4C54-B415-08847D2514B4}.Release|Any CPU.Build.0 = Release|Any CPU
		{3F2312EC-94A2-43D3-A41E-58D7AE827FD3}.Debug|Any CPU.ActiveCfg = Debug|Any CPU
		{3F2312EC-94A2-43D3-A41E-58D7AE827FD3}.Debug|Any CPU.Build.0 = Debug|Any CPU
		{3F2312EC-94A2-43D3-A41E-58D7AE827FD3}.Release|Any CPU.ActiveCfg = Release|Any CPU
		{3F2312EC-94A2-43D3-A41E-58D7AE827FD3}.Release|Any CPU.Build.0 = Release|Any CPU
		{22F6C151-230E-4495-873A-28E0B1BECAE4}.Debug|Any CPU.ActiveCfg = Debug|Any CPU
		{22F6C151-230E-4495-873A-28E0B1BECAE4}.Debug|Any CPU.Build.0 = Debug|Any CPU
		{22F6C151-230E-4495-873A-28E0B1BECAE4}.Release|Any CPU.ActiveCfg = Release|Any CPU
		{22F6C151-230E-4495-873A-28E0B1BECAE4}.Release|Any CPU.Build.0 = Release|Any CPU
	EndGlobalSection
	GlobalSection(SolutionProperties) = preSolution
		HideSolutionNode = FALSE
	EndGlobalSection
	GlobalSection(NestedProjects) = preSolution
		{84F02C45-C211-4038-972D-F9E3942498D3} = {9AD2AFA8-AAC6-4C6B-9E9A-59152FC9A500}
		{2F2EE15C-53DD-40F6-8265-EE8746162A34} = {9AD2AFA8-AAC6-4C6B-9E9A-59152FC9A500}
		{17AA508A-989B-4381-8FF9-3B6500741801} = {F4F2FC3E-8AE3-4F32-83D5-DBD3487916E5}
		{AF1706E6-75C2-49A5-9E3E-951A553DF149} = {C810C689-87CE-4D3D-83F2-C4D9310B60C3}
		{8634173E-6F60-47AE-9AE2-63B67E93B616} = {C810C689-87CE-4D3D-83F2-C4D9310B60C3}
		{08127317-19B9-4632-9029-357AE3926313} = {C516C704-F095-4792-B8CE-ACBAF235F7C1}
		{EA2CDBA0-ED64-42DE-A1A8-14A340797AB5} = {C516C704-F095-4792-B8CE-ACBAF235F7C1}
		{819E935C-3C77-4330-89B8-C970B603DB38} = {C516C704-F095-4792-B8CE-ACBAF235F7C1}
		{BCAA5C9C-CB18-4FE4-96C5-29FB578F0AB2} = {84F02C45-C211-4038-972D-F9E3942498D3}
		{9B056B15-CE85-4792-8A1B-805B4463A0AF} = {84F02C45-C211-4038-972D-F9E3942498D3}
		{A6AA897E-7482-4B47-ABC6-19DD10585338} = {2F2EE15C-53DD-40F6-8265-EE8746162A34}
		{E13E6967-EFE8-4032-AAE3-7EE7726AAC67} = {2F2EE15C-53DD-40F6-8265-EE8746162A34}
		{3F2312EC-94A2-43D3-A41E-58D7AE827FD3} = {99BB2FFC-9DE1-446F-A509-BE864A30DBB7}
		{22F6C151-230E-4495-873A-28E0B1BECAE4} = {9F770043-153A-4A06-BD84-EF13C8BD11B4}
	EndGlobalSection
	GlobalSection(ExtensibilityGlobals) = postSolution
		SolutionGuid = {365F7709-4E0A-4F74-A806-3DBDDEC5B0B1}
	EndGlobalSection
EndGlobal
